
Microsoft Visual Studio Solution File, Format Version 12.00
# Visual Studio Version 17
VisualStudioVersion = 17.3.32825.248
MinimumVisualStudioVersion = 10.0.40219.1
Project("{8BC9CEB8-8B4A-11D0-8D11-00A0C91BC942}") = "Linked List prac", "Linked List prac\Linked List prac.vcxproj", "{D0D2A0C7-F22F-4388-99BA-0E461D727ABD}"
EndProject
Global
	GlobalSection(SolutionConfigurationPlatforms) = preSolution
		Debug|ARM = Debug|ARM
		Debug|ARM64 = Debug|ARM64
		Debug|x64 = Debug|x64
		Debug|x86 = Debug|x86
		Release|ARM = Release|ARM
		Release|ARM64 = Release|ARM64
		Release|x64 = Release|x64
		Release|x86 = Release|x86
	EndGlobalSection
	GlobalSection(ProjectConfigurationPlatforms) = postSolution
		{D0D2A0C7-F22F-4388-99BA-0E461D727ABD}.Debug|ARM.ActiveCfg = Debug|ARM
		{D0D2A0C7-F22F-4388-99BA-0E461D727ABD}.Debug|ARM.Build.0 = Debug|ARM
		{D0D2A0C7-F22F-4388-99BA-0E461D727ABD}.Debug|ARM.Deploy.0 = Debug|ARM
		{D0D2A0C7-F22F-4388-99BA-0E461D727ABD}.Debug|ARM64.ActiveCfg = Debug|ARM64
		{D0D2A0C7-F22F-4388-99BA-0E461D727ABD}.Debug|ARM64.Build.0 = Debug|ARM64
		{D0D2A0C7-F22F-4388-99BA-0E461D727ABD}.Debug|ARM64.Deploy.0 = Debug|ARM64
		{D0D2A0C7-F22F-4388-99BA-0E461D727ABD}.Debug|x64.ActiveCfg = Debug|x64
		{D0D2A0C7-F22F-4388-99BA-0E461D727ABD}.Debug|x64.Build.0 = Debug|x64
		{D0D2A0C7-F22F-4388-99BA-0E461D727ABD}.Debug|x64.Deploy.0 = Debug|x64
		{D0D2A0C7-F22F-4388-99BA-0E461D727ABD}.Debug|x86.ActiveCfg = Debug|x86
		{D0D2A0C7-F22F-4388-99BA-0E461D727ABD}.Debug|x86.Build.0 = Debug|x86
		{D0D2A0C7-F22F-4388-99BA-0E461D727ABD}.Debug|x86.Deploy.0 = Debug|x86
		{D0D2A0C7-F22F-4388-99BA-0E461D727ABD}.Release|ARM.ActiveCfg = Release|ARM
		{D0D2A0C7-F22F-4388-99BA-0E461D727ABD}.Release|ARM.Build.0 = Release|ARM
		{D0D2A0C7-F22F-4388-99BA-0E461D727ABD}.Release|ARM.Deploy.0 = Release|ARM
		{D0D2A0C7-F22F-4388-99BA-0E461D727ABD}.Release|ARM64.ActiveCfg = Release|ARM64
		{D0D2A0C7-F22F-4388-99BA-0E461D727ABD}.Release|ARM64.Build.0 = Release|ARM64
		{D0D2A0C7-F22F-4388-99BA-0E461D727ABD}.Release|ARM64.Deploy.0 = Release|ARM64
		{D0D2A0C7-F22F-4388-99BA-0E461D727ABD}.Release|x64.ActiveCfg = Release|x64
		{D0D2A0C7-F22F-4388-99BA-0E461D727ABD}.Release|x64.Build.0 = Release|x64
		{D0D2A0C7-F22F-4388-99BA-0E461D727ABD}.Release|x64.Deploy.0 = Release|x64
		{D0D2A0C7-F22F-4388-99BA-0E461D727ABD}.Release|x86.ActiveCfg = Release|x86
		{D0D2A0C7-F22F-4388-99BA-0E461D727ABD}.Release|x86.Build.0 = Release|x86
		{D0D2A0C7-F22F-4388-99BA-0E461D727ABD}.Release|x86.Deploy.0 = Release|x86
	EndGlobalSection
	GlobalSection(SolutionProperties) = preSolution
		HideSolutionNode = FALSE
	EndGlobalSection
	GlobalSection(ExtensibilityGlobals) = postSolution
		SolutionGuid = {E0D90EBC-EA4F-4BEC-BF32-B085D0CA30C9}
	EndGlobalSection
EndGlobal
